
Microsoft Visual Studio Solution File, Format Version 12.00
# Visual Studio Version 17
VisualStudioVersion = 17.5.002.0
MinimumVisualStudioVersion = 10.0.40219.1
Project("{9A19103F-16F7-4668-BE54-9A1E7A4F7556}") = "CSharp", "CSharp.csproj", "{890EF008-61F6-4EF5-8C86-5C076ACFB10B}"
EndProject
Global
	GlobalSection(SolutionConfigurationPlatforms) = preSolution
		Debug|Any CPU = Debug|Any CPU
		Release|Any CPU = Release|Any CPU
	EndGlobalSection
	GlobalSection(ProjectConfigurationPlatforms) = postSolution
		{890EF008-61F6-4EF5-8C86-5C076ACFB10B}.Debug|Any CPU.ActiveCfg = Debug|Any CPU
		{890EF008-61F6-4EF5-8C86-5C076ACFB10B}.Debug|Any CPU.Build.0 = Debug|Any CPU
		{890EF008-61F6-4EF5-8C86-5C076ACFB10B}.Release|Any CPU.ActiveCfg = Release|Any CPU
		{890EF008-61F6-4EF5-8C86-5C076ACFB10B}.Release|Any CPU.Build.0 = Release|Any CPU
	EndGlobalSection
	GlobalSection(SolutionProperties) = preSolution
		HideSolutionNode = FALSE
	EndGlobalSection
	GlobalSection(ExtensibilityGlobals) = postSolution
		SolutionGuid = {EAD8BCE2-860F-40AF-948A-1CDB679B4225}
	EndGlobalSection
EndGlobal
